
Microsoft Visual Studio Solution File, Format Version 12.00
# Visual Studio 2017
Project("{FAE04EC0-301F-11D3-BF4B-00C04F79EFBC}") = "Bezier_curve_tutorial", "Bezier_curve_tutorial.csproj", "{F0256C49-ACF9-7E2B-1151-4A03768FDDCC}"
EndProject
Project("{FAE04EC0-301F-11D3-BF4B-00C04F79EFBC}") = "Bezier_curve_tutorial.Editor", "Bezier_curve_tutorial.Editor.csproj", "{90D03573-1277-253B-D244-B10D955278D8}"
EndProject
Global
	GlobalSection(SolutionConfigurationPlatforms) = preSolution
		Debug|Any CPU = Debug|Any CPU
		Release|Any CPU = Release|Any CPU
	EndGlobalSection
	GlobalSection(ProjectConfigurationPlatforms) = postSolution
		{F0256C49-ACF9-7E2B-1151-4A03768FDDCC}.Debug|Any CPU.ActiveCfg = Debug|Any CPU
		{F0256C49-ACF9-7E2B-1151-4A03768FDDCC}.Debug|Any CPU.Build.0 = Debug|Any CPU
		{F0256C49-ACF9-7E2B-1151-4A03768FDDCC}.Release|Any CPU.ActiveCfg = Release|Any CPU
		{F0256C49-ACF9-7E2B-1151-4A03768FDDCC}.Release|Any CPU.Build.0 = Release|Any CPU
		{90D03573-1277-253B-D244-B10D955278D8}.Debug|Any CPU.ActiveCfg = Debug|Any CPU
		{90D03573-1277-253B-D244-B10D955278D8}.Debug|Any CPU.Build.0 = Debug|Any CPU
		{90D03573-1277-253B-D244-B10D955278D8}.Release|Any CPU.ActiveCfg = Release|Any CPU
		{90D03573-1277-253B-D244-B10D955278D8}.Release|Any CPU.Build.0 = Release|Any CPU
	EndGlobalSection
	GlobalSection(SolutionProperties) = preSolution
		HideSolutionNode = FALSE
	EndGlobalSection
EndGlobal
